{
  "name": "Linus fönsterputs v2",
  "lockfileVersion": 3,
  "requires": true,
  "packages": {
    "": {
      "devDependencies": {
        "agentation": "^3.1.2"
      }
    },
    "node_modules/agentation": {
      "version": "3.1.2",
      "resolved": "https://registry.npmjs.org/agentation/-/agentation-3.1.2.tgz",
      "integrity": "sha512-ZZr6PRgX3ussGbvC9NVh5vFfKKFkQyHL6KuxOfBAAM/mJS3bM2XyhZ7wLPakDwU3pqkzq7u6vEfLikFsCOu5+Q==",
      "dev": true,
      "license": "PolyForm-Shield-1.0.0",
      "peerDependencies": {
        "react": ">=18.0.0",
        "react-dom": ">=18.0.0"
      },
      "peerDependenciesMeta": {
        "react": {
          "optional": true
        },
        "react-dom": {
          "optional": true
        }
      }
    }
  }
}
